
Microsoft Visual Studio Solution File, Format Version 12.00
# Visual Studio Version 17
VisualStudioVersion = 17.5.002.0
MinimumVisualStudioVersion = 10.0.40219.1
Project("{9A19103F-16F7-4668-BE54-9A1E7A4F7556}") = "MENU_INTERATIVO", "MENU_INTERATIVO.csproj", "{BA60C779-4256-43C8-A285-B5A0CD412490}"
EndProject
Global
	GlobalSection(SolutionConfigurationPlatforms) = preSolution
		Debug|Any CPU = Debug|Any CPU
		Release|Any CPU = Release|Any CPU
	EndGlobalSection
	GlobalSection(ProjectConfigurationPlatforms) = postSolution
		{BA60C779-4256-43C8-A285-B5A0CD412490}.Debug|Any CPU.ActiveCfg = Debug|Any CPU
		{BA60C779-4256-43C8-A285-B5A0CD412490}.Debug|Any CPU.Build.0 = Debug|Any CPU
		{BA60C779-4256-43C8-A285-B5A0CD412490}.Release|Any CPU.ActiveCfg = Release|Any CPU
		{BA60C779-4256-43C8-A285-B5A0CD412490}.Release|Any CPU.Build.0 = Release|Any CPU
	EndGlobalSection
	GlobalSection(SolutionProperties) = preSolution
		HideSolutionNode = FALSE
	EndGlobalSection
	GlobalSection(ExtensibilityGlobals) = postSolution
		SolutionGuid = {1260A3AD-C822-4A61-B4E0-66DA2C94C796}
	EndGlobalSection
EndGlobal
