
Microsoft Visual Studio Solution File, Format Version 12.00
# Visual Studio Version 17
VisualStudioVersion = 17.5.002.0
MinimumVisualStudioVersion = 10.0.40219.1
Project("{9A19103F-16F7-4668-BE54-9A1E7A4F7556}") = "4.Aritmeticas", "4.Aritmeticas.csproj", "{AD946861-5F2E-42B2-80A8-F647CC9D5877}"
EndProject
Global
	GlobalSection(SolutionConfigurationPlatforms) = preSolution
		Debug|Any CPU = Debug|Any CPU
		Release|Any CPU = Release|Any CPU
	EndGlobalSection
	GlobalSection(ProjectConfigurationPlatforms) = postSolution
		{AD946861-5F2E-42B2-80A8-F647CC9D5877}.Debug|Any CPU.ActiveCfg = Debug|Any CPU
		{AD946861-5F2E-42B2-80A8-F647CC9D5877}.Debug|Any CPU.Build.0 = Debug|Any CPU
		{AD946861-5F2E-42B2-80A8-F647CC9D5877}.Release|Any CPU.ActiveCfg = Release|Any CPU
		{AD946861-5F2E-42B2-80A8-F647CC9D5877}.Release|Any CPU.Build.0 = Release|Any CPU
	EndGlobalSection
	GlobalSection(SolutionProperties) = preSolution
		HideSolutionNode = FALSE
	EndGlobalSection
	GlobalSection(ExtensibilityGlobals) = postSolution
		SolutionGuid = {5316E53B-5D78-4965-B1C8-7EF10902E680}
	EndGlobalSection
EndGlobal
