
Microsoft Visual Studio Solution File, Format Version 12.00
# Visual Studio Version 17
VisualStudioVersion = 17.5.002.0
MinimumVisualStudioVersion = 10.0.40219.1
Project("{9A19103F-16F7-4668-BE54-9A1E7A4F7556}") = "trabalhando_com_arrays", "trabalhando_com_arrays.csproj", "{88F3BC1C-D5DC-4952-BD1B-99B7D09BBCC6}"
EndProject
Global
	GlobalSection(SolutionConfigurationPlatforms) = preSolution
		Debug|Any CPU = Debug|Any CPU
		Release|Any CPU = Release|Any CPU
	EndGlobalSection
	GlobalSection(ProjectConfigurationPlatforms) = postSolution
		{88F3BC1C-D5DC-4952-BD1B-99B7D09BBCC6}.Debug|Any CPU.ActiveCfg = Debug|Any CPU
		{88F3BC1C-D5DC-4952-BD1B-99B7D09BBCC6}.Debug|Any CPU.Build.0 = Debug|Any CPU
		{88F3BC1C-D5DC-4952-BD1B-99B7D09BBCC6}.Release|Any CPU.ActiveCfg = Release|Any CPU
		{88F3BC1C-D5DC-4952-BD1B-99B7D09BBCC6}.Release|Any CPU.Build.0 = Release|Any CPU
	EndGlobalSection
	GlobalSection(SolutionProperties) = preSolution
		HideSolutionNode = FALSE
	EndGlobalSection
	GlobalSection(ExtensibilityGlobals) = postSolution
		SolutionGuid = {476894ED-22A2-4B6D-AD1F-1FB6A860533D}
	EndGlobalSection
EndGlobal
